dependencies:
  configuration:
    dependencies:
    - name: idf
      version: '>=4.1.0'
    source:
      path: /workspaces/EbbFlowControl/components/configuration
      type: local
    version: '*'
  idf:
    source:
      type: idf
    version: 5.3.1
  wifi_utils:
    dependencies:
    - name: idf
      version: '>=4.1.0'
    source:
      path: /workspaces/EbbFlowControl/components/wifi_utils
      type: local
    version: '*'
direct_dependencies:
- configuration
- idf
- wifi_utils
manifest_hash: 40e8a7bddf59c9341eec9e00fc498a8aadd979cc943fa0c9323953d0948466d3
target: esp32
version: 2.0.0
