dependencies:
  configuration:
    dependencies:
    - name: idf
      version: '>=4.1.0'
    source:
      path: /workspaces/EbbFlowControl/components/configuration
      type: local
    version: '*'
  idf:
    source:
      type: idf
    version: 5.3.1
  mqtt5_connection:
    dependencies:
    - name: idf
      version: '>=4.1.0'
    - name: configuration
      path: ../configuration/
    - name: wifi_utils
      path: ../wifi_utils/
    source:
      path: /workspaces/EbbFlowControl/components/mqtt5_connection
      type: local
    version: '*'
  wifi_utils:
    dependencies:
    - name: idf
      version: '>=4.1.0'
    - name: configuration
      path: ../configuration/
    source:
      path: /workspaces/EbbFlowControl/components/wifi_utils
      type: local
    version: '*'
direct_dependencies:
- configuration
- idf
- mqtt5_connection
- wifi_utils
manifest_hash: 44ed24fb213c76fac8024f62bd8a302819da1bf219e91e2bfa7f71b9c9528fce
target: esp32
version: 2.0.0
