dependencies:
  configuration:
    dependencies:
    - name: idf
      version: '>=4.1.0'
    source:
      path: /workspaces/EbbFlowControl/components/configuration
      type: local
    version: '*'
  idf:
    source:
      type: idf
    version: 5.3.1
  wifi_utils:
    dependencies:
    - name: idf
      version: '>=4.1.0'
    - name: configuration
      path: ../configuration/
    source:
      path: /workspaces/EbbFlowControl/components/wifi_utils
      type: local
    version: '*'
direct_dependencies:
- configuration
- idf
- wifi_utils
manifest_hash: bc78ec54918ee795b4336b8e587204789d798df835ea27450345072ece8323d4
target: esp32
version: 2.0.0
